// !$*UTF8*$!
{
	archiveVersion = 1;
	classes = {
	};
	objectVersion = 46;
	objects = {

/* Begin PBXBuildFile section */
		3BACCB261DBA834900CDBBFB /* AppDelegate.swift in Sources */ = {isa = PBXBuildFile; fileRef = 3BACCB251DBA834900CDBBFB /* AppDelegate.swift */; };
		3BACCB281DBA834900CDBBFB /* ViewController.swift in Sources */ = {isa = PBXBuildFile; fileRef = 3BACCB271DBA834900CDBBFB /* ViewController.swift */; };
		3BACCB2B1DBA834900CDBBFB /* Main.storyboard in Resources */ = {isa = PBXBuildFile; fileRef = 3BACCB291DBA834900CDBBFB /* Main.storyboard */; };
		3BACCB2E1DBA834900CDBBFB /* HyperText.xcdatamodeld in Sources */ = {isa = PBXBuildFile; fileRef = 3BACCB2C1DBA834900CDBBFB /* HyperText.xcdatamodeld */; };
		3BACCB301DBA834900CDBBFB /* Assets.xcassets in Resources */ = {isa = PBXBuildFile; fileRef = 3BACCB2F1DBA834900CDBBFB /* Assets.xcassets */; };
		3BACCB331DBA834900CDBBFB /* LaunchScreen.storyboard in Resources */ = {isa = PBXBuildFile; fileRef = 3BACCB311DBA834900CDBBFB /* LaunchScreen.storyboard */; };
/* End PBXBuildFile section */

/* Begin PBXFileReference section */
		3BACCB221DBA834900CDBBFB /* HyperText.app */ = {isa = PBXFileReference; explicitFileType = wrapper.application; includeInIndex = 0; path = HyperText.app; sourceTree = BUILT_PRODUCTS_DIR; };
		3BACCB251DBA834900CDBBFB /* AppDelegate.swift */ = {isa = PBXFileReference; lastKnownFileType = sourcecode.swift; path = AppDelegate.swift; sourceTree = "<group>"; };
		3BACCB271DBA834900CDBBFB /* ViewController.swift */ = {isa = PBXFileReference; lastKnownFileType = sourcecode.swift; path = ViewController.swift; sourceTree = "<group>"; };
		3BACCB2A1DBA834900CDBBFB /* Base */ = {isa = PBXFileReference; lastKnownFileType = file.storyboard; name = Base; path = Base.lproj/Main.storyboard; sourceTree = "<group>"; };
		3BACCB2D1DBA834900CDBBFB /* HyperText.xcdatamodel */ = {isa = PBXFileReference; lastKnownFileType = wrapper.xcdatamodel; path = HyperText.xcdatamodel; sourceTree = "<group>"; };
		3BACCB2F1DBA834900CDBBFB /* Assets.xcassets */ = {isa = PBXFileReference; lastKnownFileType = folder.assetcatalog; path = Assets.xcassets; sourceTree = "<group>"; };
		3BACCB321DBA834900CDBBFB /* Base */ = {isa = PBXFileReference; lastKnownFileType = file.storyboard; name = Base; path = Base.lproj/LaunchScreen.storyboard; sourceTree = "<group>"; };
		3BACCB341DBA834900CDBBFB /* Info.plist */ = {isa = PBXFileReference; lastKnownFileType = text.plist.xml; path = Info.plist; sourceTree = "<group>"; };
/* End PBXFileReference section */

/* Begin PBXFrameworksBuildPhase section */
		3BACCB1F1DBA834900CDBBFB /* Frameworks */ = {
			isa = PBXFrameworksBuildPhase;
			buildActionMask = 2147483647;
			files = (
			);
			runOnlyForDeploymentPostprocessing = 0;
		};
/* End PBXFrameworksBuildPhase section */

/* Begin PBXGroup section */
		3BACCB191DBA834900CDBBFB = {
			isa = PBXGroup;
			children = (
				3BACCB241DBA834900CDBBFB /* HyperText */,
				3BACCB231DBA834900CDBBFB /* Products */,
			);
			sourceTree = "<group>";
		};
		3BACCB231DBA834900CDBBFB /* Products */ = {
			isa = PBXGroup;
			children = (
				3BACCB221DBA834900CDBBFB /* HyperText.app */,
			);
			name = Products;
			sourceTree = "<group>";
		};
		3BACCB241DBA834900CDBBFB /* HyperText */ = {
			isa = PBXGroup;
			children = (
				3BACCB251DBA834900CDBBFB /* AppDelegate.swift */,
				3BACCB271DBA834900CDBBFB /* ViewController.swift */,
				3BACCB291DBA834900CDBBFB /* Main.storyboard */,
				3BACCB2F1DBA834900CDBBFB /* Assets.xcassets */,
				3BACCB311DBA834900CDBBFB /* LaunchScreen.storyboard */,
				3BACCB341DBA834900CDBBFB /* Info.plist */,
				3BACCB2C1DBA834900CDBBFB /* HyperText.xcdatamodeld */,
			);
			path = HyperText;
			sourceTree = "<group>";
		};
/* End PBXGroup section */

/* Begin PBXNativeTarget section */
		3BACCB211DBA834900CDBBFB /* HyperText */ = {
			isa = PBXNativeTarget;
			buildConfigurationList = 3BACCB371DBA834900CDBBFB /* Build configuration list for PBXNativeTarget "HyperText" */;
			buildPhases = (
				3BACCB1E1DBA834900CDBBFB /* Sources */,
				3BACCB1F1DBA834900CDBBFB /* Frameworks */,
				3BACCB201DBA834900CDBBFB /* Resources */,
			);
			buildRules = (
			);
			dependencies = (
			);
			name = HyperText;
			productName = HyperText;
			productReference = 3BACCB221DBA834900CDBBFB /* HyperText.app */;
			productType = "com.apple.product-type.application";
		};
/* End PBXNativeTarget section */

/* Begin PBXProject section */
		3BACCB1A1DBA834900CDBBFB /* Project object */ = {
			isa = PBXProject;
			attributes = {
				LastSwiftUpdateCheck = 0730;
				LastUpgradeCheck = 0730;
				ORGANIZATIONNAME = "Group 14";
				TargetAttributes = {
					3BACCB211DBA834900CDBBFB = {
						CreatedOnToolsVersion = 7.3.1;
					};
				};
			};
			buildConfigurationList = 3BACCB1D1DBA834900CDBBFB /* Build configuration list for PBXProject "HyperText" */;
			compatibilityVersion = "Xcode 3.2";
			developmentRegion = English;
			hasScannedForEncodings = 0;
			knownRegions = (
				en,
				Base,
			);
			mainGroup = 3BACCB191DBA834900CDBBFB;
			productRefGroup = 3BACCB231DBA834900CDBBFB /* Products */;
			projectDirPath = "";
			projectRoot = "";
			targets = (
				3BACCB211DBA834900CDBBFB /* HyperText */,
			);
		};
/* End PBXProject section */

/* Begin PBXResourcesBuildPhase section */
		3BACCB201DBA834900CDBBFB /* Resources */ = {
			isa = PBXResourcesBuildPhase;
			buildActionMask = 2147483647;
			files = (
				3BACCB331DBA834900CDBBFB /* LaunchScreen.storyboard in Resources */,
				3BACCB301DBA834900CDBBFB /* Assets.xcassets in Resources */,
				3BACCB2B1DBA834900CDBBFB /* Main.storyboard in Resources */,
			);
			runOnlyForDeploymentPostprocessing = 0;
		};
/* End PBXResourcesBuildPhase section */

/* Begin PBXSourcesBuildPhase section */
		3BACCB1E1DBA834900CDBBFB /* Sources */ = {
			isa = PBXSourcesBuildPhase;
			buildActionMask = 2147483647;
			files = (
				3BACCB281DBA834900CDBBFB /* ViewController.swift in Sources */,
				3BACCB2E1DBA834900CDBBFB /* HyperText.xcdatamodeld in Sources */,
				3BACCB261DBA834900CDBBFB /* AppDelegate.swift in Sources */,
			);
			runOnlyForDeploymentPostprocessing = 0;
		};
/* End PBXSourcesBuildPhase section */

/* Begin PBXVariantGroup section */
		3BACCB291DBA834900CDBBFB /* Main.storyboard */ = {
			isa = PBXVariantGroup;
			children = (
				3BACCB2A1DBA834900CDBBFB /* Base */,
			);
			name = Main.storyboard;
			sourceTree = "<group>";
		};
		3BACCB311DBA834900CDBBFB /* LaunchScreen.storyboard */ = {
			isa = PBXVariantGroup;
			children = (
				3BACCB321DBA834900CDBBFB /* Base */,
			);
			name = LaunchScreen.storyboard;
			sourceTree = "<group>";
		};
/* End PBXVariantGroup section */

/* Begin XCBuildConfiguration section */
		3BACCB351DBA834900CDBBFB /* Debug */ = {
			isa = XCBuildConfiguration;
			buildSettings = {
				ALWAYS_SEARCH_USER_PATHS = NO;
				CLANG_ANALYZER_NONNULL = YES;
				CLANG_CXX_LANGUAGE_STANDARD = "gnu++0x";
				CLANG_CXX_LIBRARY = "libc++";
				CLANG_ENABLE_MODULES = YES;
				CLANG_ENABLE_OBJC_ARC = YES;
				CLANG_WARN_BOOL_CONVERSION = YES;
				CLANG_WARN_CONSTANT_CONVERSION = YES;
				CLANG_WARN_DIRECT_OBJC_ISA_USAGE = YES_ERROR;
				CLANG_WARN_EMPTY_BODY = YES;
				CLANG_WARN_ENUM_CONVERSION = YES;
				CLANG_WARN_INT_CONVERSION = YES;
				CLANG_WARN_OBJC_ROOT_CLASS = YES_ERROR;
				CLANG_WARN_UNREACHABLE_CODE = YES;
				CLANG_WARN__DUPLICATE_METHOD_MATCH = YES;
				"CODE_SIGN_IDENTITY[sdk=iphoneos*]" = "iPhone Developer";
				COPY_PHASE_STRIP = NO;
				DEBUG_INFORMATION_FORMAT = dwarf;
				ENABLE_STRICT_OBJC_MSGSEND = YES;
				ENABLE_TESTABILITY = YES;
				GCC_C_LANGUAGE_STANDARD = gnu99;
				GCC_DYNAMIC_NO_PIC = NO;
				GCC_NO_COMMON_BLOCKS = YES;
				GCC_OPTIMIZATION_LEVEL = 0;
				GCC_PREPROCESSOR_DEFINITIONS = (
					"DEBUG=1",
					"$(inherited)",
				);
				GCC_WARN_64_TO_32_BIT_CONVERSION = YES;
				GCC_WARN_ABOUT_RETURN_TYPE = YES_ERROR;
				GCC_WARN_UNDECLARED_SELECTOR = YES;
				GCC_WARN_UNINITIALIZED_AUTOS = YES_AGGRESSIVE;
				GCC_WARN_UNUSED_FUNCTION = YES;
				GCC_WARN_UNUSED_VARIABLE = YES;
				IPHONEOS_DEPLOYMENT_TARGET = 9.3;
				MTL_ENABLE_DEBUG_INFO = YES;
				ONLY_ACTIVE_ARCH = YES;
				SDKROOT = iphoneos;
				SWIFT_OPTIMIZATION_LEVEL = "-Onone";
			};
			name = Debug;
		};
		3BACCB361DBA834900CDBBFB /* Release */ = {
			isa = XCBuildConfiguration;
			buildSettings = {
				ALWAYS_SEARCH_USER_PATHS = NO;
				CLANG_ANALYZER_NONNULL = YES;
				CLANG_CXX_LANGUAGE_STANDARD = "gnu++0x";
				CLANG_CXX_LIBRARY = "libc++";
				CLANG_ENABLE_MODULES = YES;
				CLANG_ENABLE_OBJC_ARC = YES;
				CLANG_WARN_BOOL_CONVERSION = YES;
				CLANG_WARN_CONSTANT_CONVERSION = YES;
				CLANG_WARN_DIRECT_OBJC_ISA_USAGE = YES_ERROR;
				CLANG_WARN_EMPTY_BODY = YES;
				CLANG_WARN_ENUM_CONVERSION = YES;
				CLANG_WARN_INT_CONVERSION = YES;
				CLANG_WARN_OBJC_ROOT_CLASS = YES_ERROR;
				CLANG_WARN_UNREACHABLE_CODE = YES;
				CLANG_WARN__DUPLICATE_METHOD_MATCH = YES;
				"CODE_SIGN_IDENTITY[sdk=iphoneos*]" = "iPhone Developer";
				COPY_PHASE_STRIP = NO;
				DEBUG_INFORMATION_FORMAT = "dwarf-with-dsym";
				ENABLE_NS_ASSERTIONS = NO;
				ENABLE_STRICT_OBJC_MSGSEND = YES;
				GCC_C_LANGUAGE_STANDARD = gnu99;
				GCC_NO_COMMON_BLOCKS = YES;
				GCC_WARN_64_TO_32_BIT_CONVERSION = YES;
				GCC_WARN_ABOUT_RETURN_TYPE = YES_ERROR;
				GCC_WARN_UNDECLARED_SELECTOR = YES;
				GCC_WARN_UNINITIALIZED_AUTOS = YES_AGGRESSIVE;
				GCC_WARN_UNUSED_FUNCTION = YES;
				GCC_WARN_UNUSED_VARIABLE = YES;
				IPHONEOS_DEPLOYMENT_TARGET = 9.3;
				MTL_ENABLE_DEBUG_INFO = NO;
				SDKROOT = iphoneos;
				VALIDATE_PRODUCT = YES;
			};
			name = Release;
		};
		3BACCB381DBA834900CDBBFB /* Debug */ = {
			isa = XCBuildConfiguration;
			buildSettings = {
				ASSETCATALOG_COMPILER_APPICON_NAME = AppIcon;
				INFOPLIST_FILE = HyperText/Info.plist;
				LD_RUNPATH_SEARCH_PATHS = "$(inherited) @executable_path/Frameworks";
				PRODUCT_BUNDLE_IDENTIFIER = g14.HyperText;
				PRODUCT_NAME = "$(TARGET_NAME)";
			};
			name = Debug;
		};
		3BACCB391DBA834900CDBBFB /* Release */ = {
			isa = XCBuildConfiguration;
			buildSettings = {
				ASSETCATALOG_COMPILER_APPICON_NAME = AppIcon;
				INFOPLIST_FILE = HyperText/Info.plist;
				LD_RUNPATH_SEARCH_PATHS = "$(inherited) @executable_path/Frameworks";
				PRODUCT_BUNDLE_IDENTIFIER = g14.HyperText;
				PRODUCT_NAME = "$(TARGET_NAME)";
			};
			name = Release;
		};
/* End XCBuildConfiguration section */

/* Begin XCConfigurationList section */
		3BACCB1D1DBA834900CDBBFB /* Build configuration list for PBXProject "HyperText" */ = {
			isa = XCConfigurationList;
			buildConfigurations = (
				3BACCB351DBA834900CDBBFB /* Debug */,
				3BACCB361DBA834900CDBBFB /* Release */,
			);
			defaultConfigurationIsVisible = 0;
			defaultConfigurationName = Release;
		};
		3BACCB371DBA834900CDBBFB /* Build configuration list for PBXNativeTarget "HyperText" */ = {
			isa = XCConfigurationList;
			buildConfigurations = (
				3BACCB381DBA834900CDBBFB /* Debug */,
				3BACCB391DBA834900CDBBFB /* Release */,
			);
			defaultConfigurationIsVisible = 0;
		};
/* End XCConfigurationList section */

/* Begin XCVersionGroup section */
		3BACCB2C1DBA834900CDBBFB /* HyperText.xcdatamodeld */ = {
			isa = XCVersionGroup;
			children = (
				3BACCB2D1DBA834900CDBBFB /* HyperText.xcdatamodel */,
			);
			currentVersion = 3BACCB2D1DBA834900CDBBFB /* HyperText.xcdatamodel */;
			path = HyperText.xcdatamodeld;
			sourceTree = "<group>";
			versionGroupType = wrapper.xcdatamodel;
		};
/* End XCVersionGroup section */
	};
	rootObject = 3BACCB1A1DBA834900CDBBFB /* Project object */;
}
