// !$*UTF8*$!
{
	archiveVersion = 1;
	classes = {
	};
	objectVersion = 46;
	objects = {

/* Begin PBXBuildFile section */
		3B4401381DD166D1000D2B98 /* Book.swift in Sources */ = {isa = PBXBuildFile; fileRef = 3B4401371DD166D1000D2B98 /* Book.swift */; };
		3BACCB261DBA834900CDBBFB /* AppDelegate.swift in Sources */ = {isa = PBXBuildFile; fileRef = 3BACCB251DBA834900CDBBFB /* AppDelegate.swift */; };
		3BACCB281DBA834900CDBBFB /* ViewController.swift in Sources */ = {isa = PBXBuildFile; fileRef = 3BACCB271DBA834900CDBBFB /* ViewController.swift */; };
		3BACCB2B1DBA834900CDBBFB /* Main.storyboard in Resources */ = {isa = PBXBuildFile; fileRef = 3BACCB291DBA834900CDBBFB /* Main.storyboard */; };
		3BACCB2E1DBA834900CDBBFB /* HyperText.xcdatamodeld in Sources */ = {isa = PBXBuildFile; fileRef = 3BACCB2C1DBA834900CDBBFB /* HyperText.xcdatamodeld */; };
		3BACCB301DBA834900CDBBFB /* Assets.xcassets in Resources */ = {isa = PBXBuildFile; fileRef = 3BACCB2F1DBA834900CDBBFB /* Assets.xcassets */; };
		3BACCB331DBA834900CDBBFB /* LaunchScreen.storyboard in Resources */ = {isa = PBXBuildFile; fileRef = 3BACCB311DBA834900CDBBFB /* LaunchScreen.storyboard */; };
		3BACCB3D1DBA896B00CDBBFB /* Client.swift in Sources */ = {isa = PBXBuildFile; fileRef = 3BACCB3C1DBA896B00CDBBFB /* Client.swift */; };
		3BACCB3F1DBA8E9D00CDBBFB /* LibraryViewController.swift in Sources */ = {isa = PBXBuildFile; fileRef = 3BACCB3E1DBA8E9D00CDBBFB /* LibraryViewController.swift */; };
		3BACCB411DBABC4900CDBBFB /* LibraryController.swift in Sources */ = {isa = PBXBuildFile; fileRef = 3BACCB401DBABC4900CDBBFB /* LibraryController.swift */; };
		3BACCB4B1DBACBBB00CDBBFB /* Settings.swift in Sources */ = {isa = PBXBuildFile; fileRef = 3BACCB4A1DBACBBB00CDBBFB /* Settings.swift */; };
		3BACCB4D1DBACDD800CDBBFB /* SettingsViewController.swift in Sources */ = {isa = PBXBuildFile; fileRef = 3BACCB4C1DBACDD800CDBBFB /* SettingsViewController.swift */; };
		3BACCB4F1DBAD2E500CDBBFB /* BooksCollection.swift in Sources */ = {isa = PBXBuildFile; fileRef = 3BACCB4E1DBAD2E500CDBBFB /* BooksCollection.swift */; };
		3BACCB511DBAD58A00CDBBFB /* BooksCollectionViewCell.swift in Sources */ = {isa = PBXBuildFile; fileRef = 3BACCB501DBAD58A00CDBBFB /* BooksCollectionViewCell.swift */; };
		3BACCB531DBAEB8E00CDBBFB /* BookReaderViewController.swift in Sources */ = {isa = PBXBuildFile; fileRef = 3BACCB521DBAEB8E00CDBBFB /* BookReaderViewController.swift */; };
		3BACCB551DBAF98200CDBBFB /* RegistrationViewController.swift in Sources */ = {isa = PBXBuildFile; fileRef = 3BACCB541DBAF98200CDBBFB /* RegistrationViewController.swift */; };
		A11788001DBC2C3F00CD78B2 /* GoogleService-Info.plist in Resources */ = {isa = PBXBuildFile; fileRef = A11787FF1DBC2C3F00CD78B2 /* GoogleService-Info.plist */; };
		F1F28F57AE7E5697CE4E0D31 /* Pods_HyperText.framework in Frameworks */ = {isa = PBXBuildFile; fileRef = 1D5E550164D39ECC2B221349 /* Pods_HyperText.framework */; };
/* End PBXBuildFile section */

/* Begin PBXFileReference section */
		1D5E550164D39ECC2B221349 /* Pods_HyperText.framework */ = {isa = PBXFileReference; explicitFileType = wrapper.framework; includeInIndex = 0; path = Pods_HyperText.framework; sourceTree = BUILT_PRODUCTS_DIR; };
		3B4401371DD166D1000D2B98 /* Book.swift */ = {isa = PBXFileReference; fileEncoding = 4; lastKnownFileType = sourcecode.swift; path = Book.swift; sourceTree = "<group>"; };
		3BACCB221DBA834900CDBBFB /* HyperText.app */ = {isa = PBXFileReference; explicitFileType = wrapper.application; includeInIndex = 0; path = HyperText.app; sourceTree = BUILT_PRODUCTS_DIR; };
		3BACCB251DBA834900CDBBFB /* AppDelegate.swift */ = {isa = PBXFileReference; lastKnownFileType = sourcecode.swift; path = AppDelegate.swift; sourceTree = "<group>"; };
		3BACCB271DBA834900CDBBFB /* ViewController.swift */ = {isa = PBXFileReference; lastKnownFileType = sourcecode.swift; path = ViewController.swift; sourceTree = "<group>"; };
		3BACCB2A1DBA834900CDBBFB /* Base */ = {isa = PBXFileReference; lastKnownFileType = file.storyboard; name = Base; path = Base.lproj/Main.storyboard; sourceTree = "<group>"; };
		3BACCB2D1DBA834900CDBBFB /* HyperText.xcdatamodel */ = {isa = PBXFileReference; lastKnownFileType = wrapper.xcdatamodel; path = HyperText.xcdatamodel; sourceTree = "<group>"; };
		3BACCB2F1DBA834900CDBBFB /* Assets.xcassets */ = {isa = PBXFileReference; lastKnownFileType = folder.assetcatalog; path = Assets.xcassets; sourceTree = "<group>"; };
		3BACCB321DBA834900CDBBFB /* Base */ = {isa = PBXFileReference; lastKnownFileType = file.storyboard; name = Base; path = Base.lproj/LaunchScreen.storyboard; sourceTree = "<group>"; };
		3BACCB341DBA834900CDBBFB /* Info.plist */ = {isa = PBXFileReference; lastKnownFileType = text.plist.xml; path = Info.plist; sourceTree = "<group>"; };
		3BACCB3C1DBA896B00CDBBFB /* Client.swift */ = {isa = PBXFileReference; fileEncoding = 4; lastKnownFileType = sourcecode.swift; path = Client.swift; sourceTree = "<group>"; };
		3BACCB3E1DBA8E9D00CDBBFB /* LibraryViewController.swift */ = {isa = PBXFileReference; fileEncoding = 4; lastKnownFileType = sourcecode.swift; path = LibraryViewController.swift; sourceTree = "<group>"; };
		3BACCB401DBABC4900CDBBFB /* LibraryController.swift */ = {isa = PBXFileReference; fileEncoding = 4; lastKnownFileType = sourcecode.swift; path = LibraryController.swift; sourceTree = "<group>"; };
		3BACCB4A1DBACBBB00CDBBFB /* Settings.swift */ = {isa = PBXFileReference; fileEncoding = 4; lastKnownFileType = sourcecode.swift; path = Settings.swift; sourceTree = "<group>"; };
		3BACCB4C1DBACDD800CDBBFB /* SettingsViewController.swift */ = {isa = PBXFileReference; fileEncoding = 4; lastKnownFileType = sourcecode.swift; path = SettingsViewController.swift; sourceTree = "<group>"; };
		3BACCB4E1DBAD2E500CDBBFB /* BooksCollection.swift */ = {isa = PBXFileReference; fileEncoding = 4; lastKnownFileType = sourcecode.swift; path = BooksCollection.swift; sourceTree = "<group>"; };
		3BACCB501DBAD58A00CDBBFB /* BooksCollectionViewCell.swift */ = {isa = PBXFileReference; fileEncoding = 4; lastKnownFileType = sourcecode.swift; path = BooksCollectionViewCell.swift; sourceTree = "<group>"; };
		3BACCB521DBAEB8E00CDBBFB /* BookReaderViewController.swift */ = {isa = PBXFileReference; fileEncoding = 4; lastKnownFileType = sourcecode.swift; path = BookReaderViewController.swift; sourceTree = "<group>"; };
		3BACCB541DBAF98200CDBBFB /* RegistrationViewController.swift */ = {isa = PBXFileReference; fileEncoding = 4; lastKnownFileType = sourcecode.swift; path = RegistrationViewController.swift; sourceTree = "<group>"; };
		A11787FF1DBC2C3F00CD78B2 /* GoogleService-Info.plist */ = {isa = PBXFileReference; fileEncoding = 4; lastKnownFileType = text.plist.xml; path = "GoogleService-Info.plist"; sourceTree = "<group>"; };
		C1AAB08D2F62B9161E12BD3F /* Pods-HyperText.debug.xcconfig */ = {isa = PBXFileReference; includeInIndex = 1; lastKnownFileType = text.xcconfig; name = "Pods-HyperText.debug.xcconfig"; path = "Pods/Target Support Files/Pods-HyperText/Pods-HyperText.debug.xcconfig"; sourceTree = "<group>"; };
		C27D334E5A00D303E1C0EB9C /* Pods-HyperText.release.xcconfig */ = {isa = PBXFileReference; includeInIndex = 1; lastKnownFileType = text.xcconfig; name = "Pods-HyperText.release.xcconfig"; path = "Pods/Target Support Files/Pods-HyperText/Pods-HyperText.release.xcconfig"; sourceTree = "<group>"; };
/* End PBXFileReference section */

/* Begin PBXFrameworksBuildPhase section */
		3BACCB1F1DBA834900CDBBFB /* Frameworks */ = {
			isa = PBXFrameworksBuildPhase;
			buildActionMask = 2147483647;
			files = (
				F1F28F57AE7E5697CE4E0D31 /* Pods_HyperText.framework in Frameworks */,
			);
			runOnlyForDeploymentPostprocessing = 0;
		};
/* End PBXFrameworksBuildPhase section */

/* Begin PBXGroup section */
		2856A46706D8014631DEF177 /* Pods */ = {
			isa = PBXGroup;
			children = (
				C1AAB08D2F62B9161E12BD3F /* Pods-HyperText.debug.xcconfig */,
				C27D334E5A00D303E1C0EB9C /* Pods-HyperText.release.xcconfig */,
			);
			name = Pods;
			sourceTree = "<group>";
		};
		3636A53A089BB7E83E23F0CE /* Frameworks */ = {
			isa = PBXGroup;
			children = (
				1D5E550164D39ECC2B221349 /* Pods_HyperText.framework */,
			);
			name = Frameworks;
			sourceTree = "<group>";
		};
		3BACCB191DBA834900CDBBFB = {
			isa = PBXGroup;
			children = (
				3BACCB241DBA834900CDBBFB /* HyperText */,
				3BACCB231DBA834900CDBBFB /* Products */,
				2856A46706D8014631DEF177 /* Pods */,
				3636A53A089BB7E83E23F0CE /* Frameworks */,
			);
			sourceTree = "<group>";
		};
		3BACCB231DBA834900CDBBFB /* Products */ = {
			isa = PBXGroup;
			children = (
				3BACCB221DBA834900CDBBFB /* HyperText.app */,
			);
			name = Products;
			sourceTree = "<group>";
		};
		3BACCB241DBA834900CDBBFB /* HyperText */ = {
			isa = PBXGroup;
			children = (
				A11787FF1DBC2C3F00CD78B2 /* GoogleService-Info.plist */,
				3BACCB251DBA834900CDBBFB /* AppDelegate.swift */,
				3BACCB271DBA834900CDBBFB /* ViewController.swift */,
				3BACCB291DBA834900CDBBFB /* Main.storyboard */,
				3BACCB2F1DBA834900CDBBFB /* Assets.xcassets */,
				3BACCB311DBA834900CDBBFB /* LaunchScreen.storyboard */,
				3BACCB341DBA834900CDBBFB /* Info.plist */,
				3BACCB2C1DBA834900CDBBFB /* HyperText.xcdatamodeld */,
				3BACCB3C1DBA896B00CDBBFB /* Client.swift */,
				3BACCB3E1DBA8E9D00CDBBFB /* LibraryViewController.swift */,
				3BACCB401DBABC4900CDBBFB /* LibraryController.swift */,
				3BACCB4A1DBACBBB00CDBBFB /* Settings.swift */,
				3BACCB4C1DBACDD800CDBBFB /* SettingsViewController.swift */,
				3BACCB4E1DBAD2E500CDBBFB /* BooksCollection.swift */,
				3BACCB501DBAD58A00CDBBFB /* BooksCollectionViewCell.swift */,
				3BACCB521DBAEB8E00CDBBFB /* BookReaderViewController.swift */,
				3BACCB541DBAF98200CDBBFB /* RegistrationViewController.swift */,
				3B4401371DD166D1000D2B98 /* Book.swift */,
			);
			path = HyperText;
			sourceTree = "<group>";
		};
/* End PBXGroup section */

/* Begin PBXNativeTarget section */
		3BACCB211DBA834900CDBBFB /* HyperText */ = {
			isa = PBXNativeTarget;
			buildConfigurationList = 3BACCB371DBA834900CDBBFB /* Build configuration list for PBXNativeTarget "HyperText" */;
			buildPhases = (
				B58CBEC91ED6E2E3A5D3897A /* [CP] Check Pods Manifest.lock */,
				3BACCB1E1DBA834900CDBBFB /* Sources */,
				3BACCB1F1DBA834900CDBBFB /* Frameworks */,
				3BACCB201DBA834900CDBBFB /* Resources */,
				99811C5FD96A35D6EF45E4BE /* [CP] Embed Pods Frameworks */,
				5C7B05E31B6C236AA7BCFC0E /* [CP] Copy Pods Resources */,
			);
			buildRules = (
			);
			dependencies = (
			);
			name = HyperText;
			productName = HyperText;
			productReference = 3BACCB221DBA834900CDBBFB /* HyperText.app */;
			productType = "com.apple.product-type.application";
		};
/* End PBXNativeTarget section */

/* Begin PBXProject section */
		3BACCB1A1DBA834900CDBBFB /* Project object */ = {
			isa = PBXProject;
			attributes = {
				LastSwiftUpdateCheck = 0730;
				LastUpgradeCheck = 0800;
				ORGANIZATIONNAME = "Group 14";
				TargetAttributes = {
					3BACCB211DBA834900CDBBFB = {
						CreatedOnToolsVersion = 7.3.1;
						LastSwiftMigration = 0800;
					};
				};
			};
			buildConfigurationList = 3BACCB1D1DBA834900CDBBFB /* Build configuration list for PBXProject "HyperText" */;
			compatibilityVersion = "Xcode 3.2";
			developmentRegion = English;
			hasScannedForEncodings = 0;
			knownRegions = (
				en,
				Base,
			);
			mainGroup = 3BACCB191DBA834900CDBBFB;
			productRefGroup = 3BACCB231DBA834900CDBBFB /* Products */;
			projectDirPath = "";
			projectRoot = "";
			targets = (
				3BACCB211DBA834900CDBBFB /* HyperText */,
			);
		};
/* End PBXProject section */

/* Begin PBXResourcesBuildPhase section */
		3BACCB201DBA834900CDBBFB /* Resources */ = {
			isa = PBXResourcesBuildPhase;
			buildActionMask = 2147483647;
			files = (
				3BACCB331DBA834900CDBBFB /* LaunchScreen.storyboard in Resources */,
				3BACCB301DBA834900CDBBFB /* Assets.xcassets in Resources */,
				3BACCB2B1DBA834900CDBBFB /* Main.storyboard in Resources */,
				A11788001DBC2C3F00CD78B2 /* GoogleService-Info.plist in Resources */,
			);
			runOnlyForDeploymentPostprocessing = 0;
		};
/* End PBXResourcesBuildPhase section */

/* Begin PBXShellScriptBuildPhase section */
		5C7B05E31B6C236AA7BCFC0E /* [CP] Copy Pods Resources */ = {
			isa = PBXShellScriptBuildPhase;
			buildActionMask = 2147483647;
			files = (
			);
			inputPaths = (
			);
			name = "[CP] Copy Pods Resources";
			outputPaths = (
			);
			runOnlyForDeploymentPostprocessing = 0;
			shellPath = /bin/sh;
			shellScript = "\"${SRCROOT}/Pods/Target Support Files/Pods-HyperText/Pods-HyperText-resources.sh\"\n";
			showEnvVarsInLog = 0;
		};
		99811C5FD96A35D6EF45E4BE /* [CP] Embed Pods Frameworks */ = {
			isa = PBXShellScriptBuildPhase;
			buildActionMask = 2147483647;
			files = (
			);
			inputPaths = (
			);
			name = "[CP] Embed Pods Frameworks";
			outputPaths = (
			);
			runOnlyForDeploymentPostprocessing = 0;
			shellPath = /bin/sh;
			shellScript = "\"${SRCROOT}/Pods/Target Support Files/Pods-HyperText/Pods-HyperText-frameworks.sh\"\n";
			showEnvVarsInLog = 0;
		};
		B58CBEC91ED6E2E3A5D3897A /* [CP] Check Pods Manifest.lock */ = {
			isa = PBXShellScriptBuildPhase;
			buildActionMask = 2147483647;
			files = (
			);
			inputPaths = (
			);
			name = "[CP] Check Pods Manifest.lock";
			outputPaths = (
			);
			runOnlyForDeploymentPostprocessing = 0;
			shellPath = /bin/sh;
			shellScript = "diff \"${PODS_ROOT}/../Podfile.lock\" \"${PODS_ROOT}/Manifest.lock\" > /dev/null\nif [ $? != 0 ] ; then\n    # print error to STDERR\n    echo \"error: The sandbox is not in sync with the Podfile.lock. Run 'pod install' or update your CocoaPods installation.\" >&2\n    exit 1\nfi\n";
			showEnvVarsInLog = 0;
		};
/* End PBXShellScriptBuildPhase section */

/* Begin PBXSourcesBuildPhase section */
		3BACCB1E1DBA834900CDBBFB /* Sources */ = {
			isa = PBXSourcesBuildPhase;
			buildActionMask = 2147483647;
			files = (
				3BACCB281DBA834900CDBBFB /* ViewController.swift in Sources */,
				3BACCB2E1DBA834900CDBBFB /* HyperText.xcdatamodeld in Sources */,
				3BACCB531DBAEB8E00CDBBFB /* BookReaderViewController.swift in Sources */,
				3BACCB4B1DBACBBB00CDBBFB /* Settings.swift in Sources */,
				3BACCB551DBAF98200CDBBFB /* RegistrationViewController.swift in Sources */,
				3BACCB511DBAD58A00CDBBFB /* BooksCollectionViewCell.swift in Sources */,
				3BACCB3D1DBA896B00CDBBFB /* Client.swift in Sources */,
				3BACCB411DBABC4900CDBBFB /* LibraryController.swift in Sources */,
				3BACCB3F1DBA8E9D00CDBBFB /* LibraryViewController.swift in Sources */,
				3BACCB261DBA834900CDBBFB /* AppDelegate.swift in Sources */,
				3BACCB4F1DBAD2E500CDBBFB /* BooksCollection.swift in Sources */,
				3B4401381DD166D1000D2B98 /* Book.swift in Sources */,
				3BACCB4D1DBACDD800CDBBFB /* SettingsViewController.swift in Sources */,
			);
			runOnlyForDeploymentPostprocessing = 0;
		};
/* End PBXSourcesBuildPhase section */

/* Begin PBXVariantGroup section */
		3BACCB291DBA834900CDBBFB /* Main.storyboard */ = {
			isa = PBXVariantGroup;
			children = (
				3BACCB2A1DBA834900CDBBFB /* Base */,
			);
			name = Main.storyboard;
			sourceTree = "<group>";
		};
		3BACCB311DBA834900CDBBFB /* LaunchScreen.storyboard */ = {
			isa = PBXVariantGroup;
			children = (
				3BACCB321DBA834900CDBBFB /* Base */,
			);
			name = LaunchScreen.storyboard;
			sourceTree = "<group>";
		};
/* End PBXVariantGroup section */

/* Begin XCBuildConfiguration section */
		3BACCB351DBA834900CDBBFB /* Debug */ = {
			isa = XCBuildConfiguration;
			buildSettings = {
				ALWAYS_SEARCH_USER_PATHS = NO;
				CLANG_ANALYZER_NONNULL = YES;
				CLANG_CXX_LANGUAGE_STANDARD = "gnu++0x";
				CLANG_CXX_LIBRARY = "libc++";
				CLANG_ENABLE_MODULES = YES;
				CLANG_ENABLE_OBJC_ARC = YES;
				CLANG_WARN_BOOL_CONVERSION = YES;
				CLANG_WARN_CONSTANT_CONVERSION = YES;
				CLANG_WARN_DIRECT_OBJC_ISA_USAGE = YES_ERROR;
				CLANG_WARN_EMPTY_BODY = YES;
				CLANG_WARN_ENUM_CONVERSION = YES;
				CLANG_WARN_INFINITE_RECURSION = YES;
				CLANG_WARN_INT_CONVERSION = YES;
				CLANG_WARN_OBJC_ROOT_CLASS = YES_ERROR;
				CLANG_WARN_SUSPICIOUS_MOVE = YES;
				CLANG_WARN_UNREACHABLE_CODE = YES;
				CLANG_WARN__DUPLICATE_METHOD_MATCH = YES;
				"CODE_SIGN_IDENTITY[sdk=iphoneos*]" = "iPhone Developer";
				COPY_PHASE_STRIP = NO;
				DEBUG_INFORMATION_FORMAT = dwarf;
				ENABLE_STRICT_OBJC_MSGSEND = YES;
				ENABLE_TESTABILITY = YES;
				GCC_C_LANGUAGE_STANDARD = gnu99;
				GCC_DYNAMIC_NO_PIC = NO;
				GCC_NO_COMMON_BLOCKS = YES;
				GCC_OPTIMIZATION_LEVEL = 0;
				GCC_PREPROCESSOR_DEFINITIONS = (
					"DEBUG=1",
					"$(inherited)",
				);
				GCC_WARN_64_TO_32_BIT_CONVERSION = YES;
				GCC_WARN_ABOUT_RETURN_TYPE = YES_ERROR;
				GCC_WARN_UNDECLARED_SELECTOR = YES;
				GCC_WARN_UNINITIALIZED_AUTOS = YES_AGGRESSIVE;
				GCC_WARN_UNUSED_FUNCTION = YES;
				GCC_WARN_UNUSED_VARIABLE = YES;
				IPHONEOS_DEPLOYMENT_TARGET = 9.3;
				MTL_ENABLE_DEBUG_INFO = YES;
				ONLY_ACTIVE_ARCH = YES;
				SDKROOT = iphoneos;
				SWIFT_OPTIMIZATION_LEVEL = "-Onone";
			};
			name = Debug;
		};
		3BACCB361DBA834900CDBBFB /* Release */ = {
			isa = XCBuildConfiguration;
			buildSettings = {
				ALWAYS_SEARCH_USER_PATHS = NO;
				CLANG_ANALYZER_NONNULL = YES;
				CLANG_CXX_LANGUAGE_STANDARD = "gnu++0x";
				CLANG_CXX_LIBRARY = "libc++";
				CLANG_ENABLE_MODULES = YES;
				CLANG_ENABLE_OBJC_ARC = YES;
				CLANG_WARN_BOOL_CONVERSION = YES;
				CLANG_WARN_CONSTANT_CONVERSION = YES;
				CLANG_WARN_DIRECT_OBJC_ISA_USAGE = YES_ERROR;
				CLANG_WARN_EMPTY_BODY = YES;
				CLANG_WARN_ENUM_CONVERSION = YES;
				CLANG_WARN_INFINITE_RECURSION = YES;
				CLANG_WARN_INT_CONVERSION = YES;
				CLANG_WARN_OBJC_ROOT_CLASS = YES_ERROR;
				CLANG_WARN_SUSPICIOUS_MOVE = YES;
				CLANG_WARN_UNREACHABLE_CODE = YES;
				CLANG_WARN__DUPLICATE_METHOD_MATCH = YES;
				"CODE_SIGN_IDENTITY[sdk=iphoneos*]" = "iPhone Developer";
				COPY_PHASE_STRIP = NO;
				DEBUG_INFORMATION_FORMAT = "dwarf-with-dsym";
				ENABLE_NS_ASSERTIONS = NO;
				ENABLE_STRICT_OBJC_MSGSEND = YES;
				GCC_C_LANGUAGE_STANDARD = gnu99;
				GCC_NO_COMMON_BLOCKS = YES;
				GCC_WARN_64_TO_32_BIT_CONVERSION = YES;
				GCC_WARN_ABOUT_RETURN_TYPE = YES_ERROR;
				GCC_WARN_UNDECLARED_SELECTOR = YES;
				GCC_WARN_UNINITIALIZED_AUTOS = YES_AGGRESSIVE;
				GCC_WARN_UNUSED_FUNCTION = YES;
				GCC_WARN_UNUSED_VARIABLE = YES;
				IPHONEOS_DEPLOYMENT_TARGET = 9.3;
				MTL_ENABLE_DEBUG_INFO = NO;
				SDKROOT = iphoneos;
				SWIFT_OPTIMIZATION_LEVEL = "-Owholemodule";
				VALIDATE_PRODUCT = YES;
			};
			name = Release;
		};
		3BACCB381DBA834900CDBBFB /* Debug */ = {
			isa = XCBuildConfiguration;
			baseConfigurationReference = C1AAB08D2F62B9161E12BD3F /* Pods-HyperText.debug.xcconfig */;
			buildSettings = {
				ASSETCATALOG_COMPILER_APPICON_NAME = AppIcon;
				INFOPLIST_FILE = HyperText/Info.plist;
				LD_RUNPATH_SEARCH_PATHS = "$(inherited) @executable_path/Frameworks";
				PRODUCT_BUNDLE_IDENTIFIER = g14.HyperText;
				PRODUCT_NAME = "$(TARGET_NAME)";
				SWIFT_VERSION = 2.3;
			};
			name = Debug;
		};
		3BACCB391DBA834900CDBBFB /* Release */ = {
			isa = XCBuildConfiguration;
			baseConfigurationReference = C27D334E5A00D303E1C0EB9C /* Pods-HyperText.release.xcconfig */;
			buildSettings = {
				ASSETCATALOG_COMPILER_APPICON_NAME = AppIcon;
				INFOPLIST_FILE = HyperText/Info.plist;
				LD_RUNPATH_SEARCH_PATHS = "$(inherited) @executable_path/Frameworks";
				PRODUCT_BUNDLE_IDENTIFIER = g14.HyperText;
				PRODUCT_NAME = "$(TARGET_NAME)";
				SWIFT_VERSION = 2.3;
			};
			name = Release;
		};
/* End XCBuildConfiguration section */

/* Begin XCConfigurationList section */
		3BACCB1D1DBA834900CDBBFB /* Build configuration list for PBXProject "HyperText" */ = {
			isa = XCConfigurationList;
			buildConfigurations = (
				3BACCB351DBA834900CDBBFB /* Debug */,
				3BACCB361DBA834900CDBBFB /* Release */,
			);
			defaultConfigurationIsVisible = 0;
			defaultConfigurationName = Release;
		};
		3BACCB371DBA834900CDBBFB /* Build configuration list for PBXNativeTarget "HyperText" */ = {
			isa = XCConfigurationList;
			buildConfigurations = (
				3BACCB381DBA834900CDBBFB /* Debug */,
				3BACCB391DBA834900CDBBFB /* Release */,
			);
			defaultConfigurationIsVisible = 0;
			defaultConfigurationName = Release;
		};
/* End XCConfigurationList section */

/* Begin XCVersionGroup section */
		3BACCB2C1DBA834900CDBBFB /* HyperText.xcdatamodeld */ = {
			isa = XCVersionGroup;
			children = (
				3BACCB2D1DBA834900CDBBFB /* HyperText.xcdatamodel */,
			);
			currentVersion = 3BACCB2D1DBA834900CDBBFB /* HyperText.xcdatamodel */;
			path = HyperText.xcdatamodeld;
			sourceTree = "<group>";
			versionGroupType = wrapper.xcdatamodel;
		};
/* End XCVersionGroup section */
	};
	rootObject = 3BACCB1A1DBA834900CDBBFB /* Project object */;
}
